
Microsoft Visual Studio Solution File, Format Version 12.00
# Visual Studio 15
Project("{FAE04EC0-301F-11D3-BF4B-00C04F79EFBC}") = "Assembly-CSharp", "Assembly-CSharp.csproj", "{8C2D1E94-87BE-E0CF-6BB6-B73BCFA2062A}"
EndProject
Project("{FAE04EC0-301F-11D3-BF4B-00C04F79EFBC}") = "NavMeshComponents", "NavMeshComponents.csproj", "{F970587E-A40F-FB33-80FC-824FF04B169F}"
EndProject
Project("{FAE04EC0-301F-11D3-BF4B-00C04F79EFBC}") = "NavMeshComponentsEditor", "NavMeshComponentsEditor.csproj", "{F271A8EB-E4C5-E23D-7A3A-665AC7CB7812}"
EndProject
Project("{FAE04EC0-301F-11D3-BF4B-00C04F79EFBC}") = "Assembly-CSharp-Editor", "Assembly-CSharp-Editor.csproj", "{03B4041E-69C6-B87A-F718-7A3D3FCDCD12}"
EndProject
Global
	GlobalSection(SolutionConfigurationPlatforms) = preSolution
		Debug|Any CPU = Debug|Any CPU
		Release|Any CPU = Release|Any CPU
	EndGlobalSection
	GlobalSection(ProjectConfigurationPlatforms) = postSolution
		{8C2D1E94-87BE-E0CF-6BB6-B73BCFA2062A}.Debug|Any CPU.ActiveCfg = Debug|Any CPU
		{8C2D1E94-87BE-E0CF-6BB6-B73BCFA2062A}.Debug|Any CPU.Build.0 = Debug|Any CPU
		{8C2D1E94-87BE-E0CF-6BB6-B73BCFA2062A}.Release|Any CPU.ActiveCfg = Release|Any CPU
		{8C2D1E94-87BE-E0CF-6BB6-B73BCFA2062A}.Release|Any CPU.Build.0 = Release|Any CPU
		{F970587E-A40F-FB33-80FC-824FF04B169F}.Debug|Any CPU.ActiveCfg = Debug|Any CPU
		{F970587E-A40F-FB33-80FC-824FF04B169F}.Debug|Any CPU.Build.0 = Debug|Any CPU
		{F970587E-A40F-FB33-80FC-824FF04B169F}.Release|Any CPU.ActiveCfg = Release|Any CPU
		{F970587E-A40F-FB33-80FC-824FF04B169F}.Release|Any CPU.Build.0 = Release|Any CPU
		{F271A8EB-E4C5-E23D-7A3A-665AC7CB7812}.Debug|Any CPU.ActiveCfg = Debug|Any CPU
		{F271A8EB-E4C5-E23D-7A3A-665AC7CB7812}.Debug|Any CPU.Build.0 = Debug|Any CPU
		{F271A8EB-E4C5-E23D-7A3A-665AC7CB7812}.Release|Any CPU.ActiveCfg = Release|Any CPU
		{F271A8EB-E4C5-E23D-7A3A-665AC7CB7812}.Release|Any CPU.Build.0 = Release|Any CPU
		{03B4041E-69C6-B87A-F718-7A3D3FCDCD12}.Debug|Any CPU.ActiveCfg = Debug|Any CPU
		{03B4041E-69C6-B87A-F718-7A3D3FCDCD12}.Debug|Any CPU.Build.0 = Debug|Any CPU
		{03B4041E-69C6-B87A-F718-7A3D3FCDCD12}.Release|Any CPU.ActiveCfg = Release|Any CPU
		{03B4041E-69C6-B87A-F718-7A3D3FCDCD12}.Release|Any CPU.Build.0 = Release|Any CPU
	EndGlobalSection
	GlobalSection(SolutionProperties) = preSolution
		HideSolutionNode = FALSE
	EndGlobalSection
	GlobalSection(MonoDevelopProperties) = preSolution
		StartupItem = Assembly-CSharp.csproj
	EndGlobalSection
EndGlobal
